lockfileVersion: 5.3

importers:

  .:
    specifiers: {}

  packages/ot-counter:
    specifiers:
      sharedb: ^3.2.1
    dependencies:
      sharedb: registry.npmmirror.com/sharedb/3.2.1

  packages/ot-quill:
    specifiers:
      quill: ^1.3.7
      sharedb: ^3.2.1
    dependencies:
      quill: registry.npmmirror.com/quill/1.3.7
      sharedb: registry.npmmirror.com/sharedb/3.2.1

packages:

  registry.npmmirror.com/arraydiff/0.1.3:
    resolution: {integrity: sha512-t0OgO06uolEcMUvV8+yHc9Pc9pazh8wi/Dtyok/sQwvcr8iFV+P86IfAzK7upUDhI4oavhVREMY7iSWtm38LeA==, registry: https://registry.npm.taobao.org/, tarball: https://registry.npmmirror.com/arraydiff/-/arraydiff-0.1.3.tgz}
    name: arraydiff
    version: 0.1.3
    dev: false

  registry.npmmirror.com/async/2.6.4:
    resolution: {integrity: sha512-mzo5dfJYwAn29PeiJ0zvwTo04zj8HDJj0Mn8TD7sno7q12prdbnasKJHhkm2c1LgrhlJ0teaea8860oxi51mGA==, registry: https://registry.npm.taobao.org/, tarball: https://registry.npmmirror.com/async/-/async-2.6.4.tgz}
    name: async
    version: 2.6.4
    dependencies:
      lodash: registry.npmmirror.com/lodash/4.17.21
    dev: false

  registry.npmmirror.com/call-bind/1.0.2:
    resolution: {integrity: sha512-7O+FbCihrB5WGbFYesctwmTKae6rOiIzmz1icreWJ+0aA7LJfuqhEso2T9ncpcFtzMQtzXf2QGGueWJGTYsqrA==, registry: https://registry.npm.taobao.org/, tarball: https://registry.npmmirror.com/call-bind/-/call-bind-1.0.2.tgz}
    name: call-bind
    version: 1.0.2
    dependencies:
      function-bind: registry.npmmirror.com/function-bind/1.1.1
      get-intrinsic: registry.npmmirror.com/get-intrinsic/1.1.3
    dev: false

  registry.npmmirror.com/clone/2.1.2:
    resolution: {integrity: sha512-3Pe/CF1Nn94hyhIYpjtiLhdCoEoz0DqQ+988E9gmeEdQZlojxnOb74wctFyuwWQHzqyf9X7C7MG8juUpqBJT8w==, registry: https://registry.npm.taobao.org/, tarball: https://registry.npmmirror.com/clone/-/clone-2.1.2.tgz}
    name: clone
    version: 2.1.2
    engines: {node: '>=0.8'}
    dev: false

  registry.npmmirror.com/deep-equal/1.1.1:
    resolution: {integrity: sha512-yd9c5AdiqVcR+JjcwUQb9DkhJc8ngNr0MahEBGvDiJw8puWab2yZlh+nkasOnZP+EGTAP6rRp2JzJhJZzvNF8g==, registry: https://registry.npm.taobao.org/, tarball: https://registry.npmmirror.com/deep-equal/-/deep-equal-1.1.1.tgz}
    name: deep-equal
    version: 1.1.1
    dependencies:
      is-arguments: registry.npmmirror.com/is-arguments/1.1.1
      is-date-object: registry.npmmirror.com/is-date-object/1.0.5
      is-regex: registry.npmmirror.com/is-regex/1.1.4
      object-is: registry.npmmirror.com/object-is/1.1.5
      object-keys: registry.npmmirror.com/object-keys/1.1.1
      regexp.prototype.flags: registry.npmmirror.com/regexp.prototype.flags/1.4.3
    dev: false

  registry.npmmirror.com/define-properties/1.1.4:
    resolution: {integrity: sha512-uckOqKcfaVvtBdsVkdPv3XjveQJsNQqmhXgRi8uhvWWuPYZCNlzT8qAyblUgNoXdHdjMTzAqeGjAoli8f+bzPA==, registry: https://registry.npm.taobao.org/, tarball: https://registry.npmmirror.com/define-properties/-/define-properties-1.1.4.tgz}
    name: define-properties
    version: 1.1.4
    engines: {node: '>= 0.4'}
    dependencies:
      has-property-descriptors: registry.npmmirror.com/has-property-descriptors/1.0.0
      object-keys: registry.npmmirror.com/object-keys/1.1.1
    dev: false

  registry.npmmirror.com/eventemitter3/2.0.3:
    resolution: {integrity: sha512-jLN68Dx5kyFHaePoXWPsCGW5qdyZQtLYHkxkg02/Mz6g0kYpDx4FyP6XfArhQdlOC4b8Mv+EMxPo/8La7Tzghg==, registry: https://registry.npm.taobao.org/, tarball: https://registry.npmmirror.com/eventemitter3/-/eventemitter3-2.0.3.tgz}
    name: eventemitter3
    version: 2.0.3
    dev: false

  registry.npmmirror.com/extend/3.0.2:
    resolution: {integrity: sha512-fjquC59cD7CyW6urNXK0FBufkZcoiGG80wTuPujX590cB5Ttln20E2UB4S/WARVqhXffZl2LNgS+gQdPIIim/g==, registry: https://registry.npm.taobao.org/, tarball: https://registry.npmmirror.com/extend/-/extend-3.0.2.tgz}
    name: extend
    version: 3.0.2
    dev: false

  registry.npmmirror.com/fast-deep-equal/2.0.1:
    resolution: {integrity: sha512-bCK/2Z4zLidyB4ReuIsvALH6w31YfAQDmXMqMx6FyfHqvBxtjC0eRumeSu4Bs3XtXwpyIywtSTrVT99BxY1f9w==, registry: https://registry.npm.taobao.org/, tarball: https://registry.npmmirror.com/fast-deep-equal/-/fast-deep-equal-2.0.1.tgz}
    name: fast-deep-equal
    version: 2.0.1
    dev: false

  registry.npmmirror.com/fast-diff/1.1.2:
    resolution: {integrity: sha512-KaJUt+M9t1qaIteSvjc6P3RbMdXsNhK61GRftR6SNxqmhthcd9MGIi4T+o0jD8LUSpSnSKXE20nLtJ3fOHxQig==, registry: https://registry.npm.taobao.org/, tarball: https://registry.npmmirror.com/fast-diff/-/fast-diff-1.1.2.tgz}
    name: fast-diff
    version: 1.1.2
    dev: false

  registry.npmmirror.com/function-bind/1.1.1:
    resolution: {integrity: sha512-yIovAzMX49sF8Yl58fSCWJ5svSLuaibPxXQJFLmBObTuCr0Mf1KiPopGM9NiFjiYBCbfaa2Fh6breQ6ANVTI0A==, registry: https://registry.npm.taobao.org/, tarball: https://registry.npmmirror.com/function-bind/-/function-bind-1.1.1.tgz}
    name: function-bind
    version: 1.1.1
    dev: false

  registry.npmmirror.com/functions-have-names/1.2.3:
    resolution: {integrity: sha512-xckBUXyTIqT97tq2x2AMb+g163b5JFysYk0x4qxNFwbfQkmNZoiRHb6sPzI9/QV33WeuvVYBUIiD4NzNIyqaRQ==, registry: https://registry.npm.taobao.org/, tarball: https://registry.npmmirror.com/functions-have-names/-/functions-have-names-1.2.3.tgz}
    name: functions-have-names
    version: 1.2.3
    dev: false

  registry.npmmirror.com/get-intrinsic/1.1.3:
    resolution: {integrity: sha512-QJVz1Tj7MS099PevUG5jvnt9tSkXN8K14dxQlikJuPt4uD9hHAHjLyLBiLR5zELelBdD9QNRAXZzsJx0WaDL9A==, registry: https://registry.npm.taobao.org/, tarball: https://registry.npmmirror.com/get-intrinsic/-/get-intrinsic-1.1.3.tgz}
    name: get-intrinsic
    version: 1.1.3
    dependencies:
      function-bind: registry.npmmirror.com/function-bind/1.1.1
      has: registry.npmmirror.com/has/1.0.3
      has-symbols: registry.npmmirror.com/has-symbols/1.0.3
    dev: false

  registry.npmmirror.com/has-property-descriptors/1.0.0:
    resolution: {integrity: sha512-62DVLZGoiEBDHQyqG4w9xCuZ7eJEwNmJRWw2VY84Oedb7WFcA27fiEVe8oUQx9hAUJ4ekurquucTGwsyO1XGdQ==, registry: https://registry.npm.taobao.org/, tarball: https://registry.npmmirror.com/has-property-descriptors/-/has-property-descriptors-1.0.0.tgz}
    name: has-property-descriptors
    version: 1.0.0
    dependencies:
      get-intrinsic: registry.npmmirror.com/get-intrinsic/1.1.3
    dev: false

  registry.npmmirror.com/has-symbols/1.0.3:
    resolution: {integrity: sha512-l3LCuF6MgDNwTDKkdYGEihYjt5pRPbEg46rtlmnSPlUbgmB8LOIrKJbYYFBSbnPaJexMKtiPO8hmeRjRz2Td+A==, registry: https://registry.npm.taobao.org/, tarball: https://registry.npmmirror.com/has-symbols/-/has-symbols-1.0.3.tgz}
    name: has-symbols
    version: 1.0.3
    engines: {node: '>= 0.4'}
    dev: false

  registry.npmmirror.com/has-tostringtag/1.0.0:
    resolution: {integrity: sha512-kFjcSNhnlGV1kyoGk7OXKSawH5JOb/LzUc5w9B02hOTO0dfFRjbHQKvg1d6cf3HbeUmtU9VbbV3qzZ2Teh97WQ==, registry: https://registry.npm.taobao.org/, tarball: https://registry.npmmirror.com/has-tostringtag/-/has-tostringtag-1.0.0.tgz}
    name: has-tostringtag
    version: 1.0.0
    engines: {node: '>= 0.4'}
    dependencies:
      has-symbols: registry.npmmirror.com/has-symbols/1.0.3
    dev: false

  registry.npmmirror.com/has/1.0.3:
    resolution: {integrity: sha512-f2dvO0VU6Oej7RkWJGrehjbzMAjFp5/VKPp5tTpWIV4JHHZK1/BxbFRtf/siA2SWTe09caDmVtYYzWEIbBS4zw==, registry: https://registry.npm.taobao.org/, tarball: https://registry.npmmirror.com/has/-/has-1.0.3.tgz}
    name: has
    version: 1.0.3
    engines: {node: '>= 0.4.0'}
    dependencies:
      function-bind: registry.npmmirror.com/function-bind/1.1.1
    dev: false

  registry.npmmirror.com/hat/0.0.3:
    resolution: {integrity: sha512-zpImx2GoKXy42fVDSEad2BPKuSQdLcqsCYa48K3zHSzM/ugWuYjLDr8IXxpVuL7uCLHw56eaiLxCRthhOzf5ug==, registry: https://registry.npm.taobao.org/, tarball: https://registry.npmmirror.com/hat/-/hat-0.0.3.tgz}
    name: hat
    version: 0.0.3
    dev: false

  registry.npmmirror.com/is-arguments/1.1.1:
    resolution: {integrity: sha512-8Q7EARjzEnKpt/PCD7e1cgUS0a6X8u5tdSiMqXhojOdoV9TsMsiO+9VLC5vAmO8N7/GmXn7yjR8qnA6bVAEzfA==, registry: https://registry.npm.taobao.org/, tarball: https://registry.npmmirror.com/is-arguments/-/is-arguments-1.1.1.tgz}
    name: is-arguments
    version: 1.1.1
    engines: {node: '>= 0.4'}
    dependencies:
      call-bind: registry.npmmirror.com/call-bind/1.0.2
      has-tostringtag: registry.npmmirror.com/has-tostringtag/1.0.0
    dev: false

  registry.npmmirror.com/is-date-object/1.0.5:
    resolution: {integrity: sha512-9YQaSxsAiSwcvS33MBk3wTCVnWK+HhF8VZR2jRxehM16QcVOdHqPn4VPHmRK4lSr38n9JriurInLcP90xsYNfQ==, registry: https://registry.npm.taobao.org/, tarball: https://registry.npmmirror.com/is-date-object/-/is-date-object-1.0.5.tgz}
    name: is-date-object
    version: 1.0.5
    engines: {node: '>= 0.4'}
    dependencies:
      has-tostringtag: registry.npmmirror.com/has-tostringtag/1.0.0
    dev: false

  registry.npmmirror.com/is-regex/1.1.4:
    resolution: {integrity: sha512-kvRdxDsxZjhzUX07ZnLydzS1TU/TJlTUHHY4YLL87e37oUA49DfkLqgy+VjFocowy29cKvcSiu+kIv728jTTVg==, registry: https://registry.npm.taobao.org/, tarball: https://registry.npmmirror.com/is-regex/-/is-regex-1.1.4.tgz}
    name: is-regex
    version: 1.1.4
    engines: {node: '>= 0.4'}
    dependencies:
      call-bind: registry.npmmirror.com/call-bind/1.0.2
      has-tostringtag: registry.npmmirror.com/has-tostringtag/1.0.0
    dev: false

  registry.npmmirror.com/lodash/4.17.21:
    resolution: {integrity: sha512-v2kDEe57lecTulaDIuNTPy3Ry4gLGJ6Z1O3vE1krgXZNrsQ+LFTGHVxVjcXPs17LhbZVGedAJv8XZ1tvj5FvSg==, registry: https://registry.npm.taobao.org/, tarball: https://registry.npmmirror.com/lodash/-/lodash-4.17.21.tgz}
    name: lodash
    version: 4.17.21
    dev: false

  registry.npmmirror.com/object-is/1.1.5:
    resolution: {integrity: sha512-3cyDsyHgtmi7I7DfSSI2LDp6SK2lwvtbg0p0R1e0RvTqF5ceGx+K2dfSjm1bKDMVCFEDAQvy+o8c6a7VujOddw==, registry: https://registry.npm.taobao.org/, tarball: https://registry.npmmirror.com/object-is/-/object-is-1.1.5.tgz}
    name: object-is
    version: 1.1.5
    engines: {node: '>= 0.4'}
    dependencies:
      call-bind: registry.npmmirror.com/call-bind/1.0.2
      define-properties: registry.npmmirror.com/define-properties/1.1.4
    dev: false

  registry.npmmirror.com/object-keys/1.1.1:
    resolution: {integrity: sha512-NuAESUOUMrlIXOfHKzD6bpPu3tYt3xvjNdRIQ+FeT0lNb4K8WR70CaDxhuNguS2XG+GjkyMwOzsN5ZktImfhLA==, registry: https://registry.npm.taobao.org/, tarball: https://registry.npmmirror.com/object-keys/-/object-keys-1.1.1.tgz}
    name: object-keys
    version: 1.1.1
    engines: {node: '>= 0.4'}
    dev: false

  registry.npmmirror.com/ot-json0/1.1.0:
    resolution: {integrity: sha512-wf5fci7GGpMYRDnbbdIFQymvhsbFACMHtxjivQo5KgvAHlxekyfJ9aPsRr6YfFQthQkk4bmsl5yESrZwC/oMYQ==, registry: https://registry.npm.taobao.org/, tarball: https://registry.npmmirror.com/ot-json0/-/ot-json0-1.1.0.tgz}
    name: ot-json0
    version: 1.1.0
    dev: false

  registry.npmmirror.com/parchment/1.1.4:
    resolution: {integrity: sha512-J5FBQt/pM2inLzg4hEWmzQx/8h8D0CiDxaG3vyp9rKrQRSDgBlhjdP5jQGgosEajXPSQouXGHOmVdgo7QmJuOg==, registry: https://registry.npm.taobao.org/, tarball: https://registry.npmmirror.com/parchment/-/parchment-1.1.4.tgz}
    name: parchment
    version: 1.1.4
    dev: false

  registry.npmmirror.com/quill-delta/3.6.3:
    resolution: {integrity: sha512-wdIGBlcX13tCHOXGMVnnTVFtGRLoP0imqxM696fIPwIf5ODIYUHIvHbZcyvGlZFiFhK5XzDC2lpjbxRhnM05Tg==, registry: https://registry.npm.taobao.org/, tarball: https://registry.npmmirror.com/quill-delta/-/quill-delta-3.6.3.tgz}
    name: quill-delta
    version: 3.6.3
    engines: {node: '>=0.10'}
    dependencies:
      deep-equal: registry.npmmirror.com/deep-equal/1.1.1
      extend: registry.npmmirror.com/extend/3.0.2
      fast-diff: registry.npmmirror.com/fast-diff/1.1.2
    dev: false

  registry.npmmirror.com/quill/1.3.7:
    resolution: {integrity: sha512-hG/DVzh/TiknWtE6QmWAF/pxoZKYxfe3J/d/+ShUWkDvvkZQVTPeVmUJVu1uE6DDooC4fWTiCLh84ul89oNz5g==, registry: https://registry.npm.taobao.org/, tarball: https://registry.npmmirror.com/quill/-/quill-1.3.7.tgz}
    name: quill
    version: 1.3.7
    dependencies:
      clone: registry.npmmirror.com/clone/2.1.2
      deep-equal: registry.npmmirror.com/deep-equal/1.1.1
      eventemitter3: registry.npmmirror.com/eventemitter3/2.0.3
      extend: registry.npmmirror.com/extend/3.0.2
      parchment: registry.npmmirror.com/parchment/1.1.4
      quill-delta: registry.npmmirror.com/quill-delta/3.6.3
    dev: false

  registry.npmmirror.com/regexp.prototype.flags/1.4.3:
    resolution: {integrity: sha512-fjggEOO3slI6Wvgjwflkc4NFRCTZAu5CnNfBd5qOMYhWdn67nJBBu34/TkD++eeFmd8C9r9jfXJ27+nSiRkSUA==, registry: https://registry.npm.taobao.org/, tarball: https://registry.npmmirror.com/regexp.prototype.flags/-/regexp.prototype.flags-1.4.3.tgz}
    name: regexp.prototype.flags
    version: 1.4.3
    engines: {node: '>= 0.4'}
    dependencies:
      call-bind: registry.npmmirror.com/call-bind/1.0.2
      define-properties: registry.npmmirror.com/define-properties/1.1.4
      functions-have-names: registry.npmmirror.com/functions-have-names/1.2.3
    dev: false

  registry.npmmirror.com/sharedb/3.2.1:
    resolution: {integrity: sha512-MuZVAmujwdM2CCrwEg7foKgC0j0bLCKyaULiiEZr+dQe0GUkUUgxhfMrNWhy4Vq6vjM8GmBYpRBmGDiGkajxzQ==, registry: https://registry.npm.taobao.org/, tarball: https://registry.npmmirror.com/sharedb/-/sharedb-3.2.1.tgz}
    name: sharedb
    version: 3.2.1
    dependencies:
      arraydiff: registry.npmmirror.com/arraydiff/0.1.3
      async: registry.npmmirror.com/async/2.6.4
      fast-deep-equal: registry.npmmirror.com/fast-deep-equal/2.0.1
      hat: registry.npmmirror.com/hat/0.0.3
      ot-json0: registry.npmmirror.com/ot-json0/1.1.0
    dev: false
